{
    "_meta": {
        "hash": {
            "sha256": "52c6e5760f5ff8755896e7cd7fcae9de2d4b3877fc665227b2b7a605daad7915"
        },
        "pipfile-spec": 6,
        "requires": {
            "python_version": "3"
        },
        "sources": [
            {
                "name": "pypi",
                "url": "https://pypi.org/simple",
                "verify_ssl": true
            }
        ]
    },
    "default": {
        "colored": {
            "hashes": [
                "sha256:ee8f73c40c06d9e5b829a8e284ebfaeac5ebfc7578f2eb4a0e031b40fe799a72",
                "sha256:fc0522f384ef8f9f21138c3d203b6784b7ed6491154a884e46aca6b29eb06605"
            ],
            "index": "pypi",
            "version": "==1.4.0"
        }
    },
    "develop": {}
}
